
Microsoft Visual Studio Solution File, Format Version 12.00
# Visual Studio 15
VisualStudioVersion = 15.0.28010.2041
MinimumVisualStudioVersion = 10.0.40219.1
Project("{FAE04EC0-301F-11D3-BF4B-00C04F79EFBC}") = "Cwiczenia 2", "Cwiczenia 2\Cwiczenia 2.csproj", "{802D0EB1-9EAF-4B4C-8A19-42386161636B}"
EndProject
Global
	GlobalSection(SolutionConfigurationPlatforms) = preSolution
		Debug|Any CPU = Debug|Any CPU
		Release|Any CPU = Release|Any CPU
	EndGlobalSection
	GlobalSection(ProjectConfigurationPlatforms) = postSolution
		{802D0EB1-9EAF-4B4C-8A19-42386161636B}.Debug|Any CPU.ActiveCfg = Debug|Any CPU
		{802D0EB1-9EAF-4B4C-8A19-42386161636B}.Debug|Any CPU.Build.0 = Debug|Any CPU
		{802D0EB1-9EAF-4B4C-8A19-42386161636B}.Release|Any CPU.ActiveCfg = Release|Any CPU
		{802D0EB1-9EAF-4B4C-8A19-42386161636B}.Release|Any CPU.Build.0 = Release|Any CPU
	EndGlobalSection
	GlobalSection(SolutionProperties) = preSolution
		HideSolutionNode = FALSE
	EndGlobalSection
	GlobalSection(ExtensibilityGlobals) = postSolution
		SolutionGuid = {394DF0C8-00BF-46B4-B5E8-758B519EC858}
	EndGlobalSection
EndGlobal
